// !$*UTF8*$!
{
	archiveVersion = 1;
	classes = {
	};
	objectVersion = 50;
	objects = {

/* Begin PBXBuildFile section */
		A801534A24CED5B40072DFDA /* Grid.swift in Sources */ = {isa = PBXBuildFile; fileRef = A801534924CED5B40072DFDA /* Grid.swift */; };
		A801535624CF04780072DFDA /* GridLayout.swift in Sources */ = {isa = PBXBuildFile; fileRef = A801535524CF04780072DFDA /* GridLayout.swift */; };
		A8CC0A9624CABABF00390E81 /* AppDelegate.swift in Sources */ = {isa = PBXBuildFile; fileRef = A8CC0A9524CABABF00390E81 /* AppDelegate.swift */; };
		A8CC0A9824CABABF00390E81 /* SceneDelegate.swift in Sources */ = {isa = PBXBuildFile; fileRef = A8CC0A9724CABABF00390E81 /* SceneDelegate.swift */; };
		A8CC0A9A24CABABF00390E81 /* MemoryGameView.swift in Sources */ = {isa = PBXBuildFile; fileRef = A8CC0A9924CABABF00390E81 /* MemoryGameView.swift */; };
		A8CC0A9C24CABAC200390E81 /* Assets.xcassets in Resources */ = {isa = PBXBuildFile; fileRef = A8CC0A9B24CABAC200390E81 /* Assets.xcassets */; };
		A8CC0A9F24CABAC200390E81 /* Preview Assets.xcassets in Resources */ = {isa = PBXBuildFile; fileRef = A8CC0A9E24CABAC200390E81 /* Preview Assets.xcassets */; };
		A8CC0AA224CABAC200390E81 /* LaunchScreen.storyboard in Resources */ = {isa = PBXBuildFile; fileRef = A8CC0AA024CABAC200390E81 /* LaunchScreen.storyboard */; };
		A8CC0AAA24CD1BE200390E81 /* MemoryGame.swift in Sources */ = {isa = PBXBuildFile; fileRef = A8CC0AA924CD1BE200390E81 /* MemoryGame.swift */; };
		A8CC0AAC24CD1DD900390E81 /* EmojiMemoryGame.swift in Sources */ = {isa = PBXBuildFile; fileRef = A8CC0AAB24CD1DD900390E81 /* EmojiMemoryGame.swift */; };
		A8D2152724CFF5E60020D7E4 /* Array+Identifiable.swift in Sources */ = {isa = PBXBuildFile; fileRef = A8D2152624CFF5E60020D7E4 /* Array+Identifiable.swift */; };
/* End PBXBuildFile section */

/* Begin PBXFileReference section */
		A801534924CED5B40072DFDA /* Grid.swift */ = {isa = PBXFileReference; lastKnownFileType = sourcecode.swift; path = Grid.swift; sourceTree = "<group>"; };
		A801535524CF04780072DFDA /* GridLayout.swift */ = {isa = PBXFileReference; fileEncoding = 4; lastKnownFileType = sourcecode.swift; path = GridLayout.swift; sourceTree = "<group>"; };
		A8CC0A9224CABABF00390E81 /* Memorize.app */ = {isa = PBXFileReference; explicitFileType = wrapper.application; includeInIndex = 0; path = Memorize.app; sourceTree = BUILT_PRODUCTS_DIR; };
		A8CC0A9524CABABF00390E81 /* AppDelegate.swift */ = {isa = PBXFileReference; lastKnownFileType = sourcecode.swift; path = AppDelegate.swift; sourceTree = "<group>"; };
		A8CC0A9724CABABF00390E81 /* SceneDelegate.swift */ = {isa = PBXFileReference; lastKnownFileType = sourcecode.swift; path = SceneDelegate.swift; sourceTree = "<group>"; };
		A8CC0A9924CABABF00390E81 /* MemoryGameView.swift */ = {isa = PBXFileReference; lastKnownFileType = sourcecode.swift; path = MemoryGameView.swift; sourceTree = "<group>"; };
		A8CC0A9B24CABAC200390E81 /* Assets.xcassets */ = {isa = PBXFileReference; lastKnownFileType = folder.assetcatalog; path = Assets.xcassets; sourceTree = "<group>"; };
		A8CC0A9E24CABAC200390E81 /* Preview Assets.xcassets */ = {isa = PBXFileReference; lastKnownFileType = folder.assetcatalog; path = "Preview Assets.xcassets"; sourceTree = "<group>"; };
		A8CC0AA124CABAC200390E81 /* Base */ = {isa = PBXFileReference; lastKnownFileType = file.storyboard; name = Base; path = Base.lproj/LaunchScreen.storyboard; sourceTree = "<group>"; };
		A8CC0AA324CABAC200390E81 /* Info.plist */ = {isa = PBXFileReference; lastKnownFileType = text.plist.xml; path = Info.plist; sourceTree = "<group>"; };
		A8CC0AA924CD1BE200390E81 /* MemoryGame.swift */ = {isa = PBXFileReference; lastKnownFileType = sourcecode.swift; path = MemoryGame.swift; sourceTree = "<group>"; };
		A8CC0AAB24CD1DD900390E81 /* EmojiMemoryGame.swift */ = {isa = PBXFileReference; lastKnownFileType = sourcecode.swift; path = EmojiMemoryGame.swift; sourceTree = "<group>"; };
		A8D2152624CFF5E60020D7E4 /* Array+Identifiable.swift */ = {isa = PBXFileReference; lastKnownFileType = sourcecode.swift; path = "Array+Identifiable.swift"; sourceTree = "<group>"; };
/* End PBXFileReference section */

/* Begin PBXFrameworksBuildPhase section */
		A8CC0A8F24CABABF00390E81 /* Frameworks */ = {
			isa = PBXFrameworksBuildPhase;
			buildActionMask = 2147483647;
			files = (
			);
			runOnlyForDeploymentPostprocessing = 0;
		};
/* End PBXFrameworksBuildPhase section */

/* Begin PBXGroup section */
		A8CC0A8924CABABF00390E81 = {
			isa = PBXGroup;
			children = (
				A8CC0A9424CABABF00390E81 /* Memorize */,
				A8CC0A9324CABABF00390E81 /* Products */,
			);
			sourceTree = "<group>";
		};
		A8CC0A9324CABABF00390E81 /* Products */ = {
			isa = PBXGroup;
			children = (
				A8CC0A9224CABABF00390E81 /* Memorize.app */,
			);
			name = Products;
			sourceTree = "<group>";
		};
		A8CC0A9424CABABF00390E81 /* Memorize */ = {
			isa = PBXGroup;
			children = (
				A8D2152624CFF5E60020D7E4 /* Array+Identifiable.swift */,
				A8CC0AA924CD1BE200390E81 /* MemoryGame.swift */,
				A8CC0A9524CABABF00390E81 /* AppDelegate.swift */,
				A8CC0A9724CABABF00390E81 /* SceneDelegate.swift */,
				A801535524CF04780072DFDA /* GridLayout.swift */,
				A8CC0A9924CABABF00390E81 /* MemoryGameView.swift */,
				A8CC0AAB24CD1DD900390E81 /* EmojiMemoryGame.swift */,
				A801534924CED5B40072DFDA /* Grid.swift */,
				A8CC0A9B24CABAC200390E81 /* Assets.xcassets */,
				A8CC0AA024CABAC200390E81 /* LaunchScreen.storyboard */,
				A8CC0AA324CABAC200390E81 /* Info.plist */,
				A8CC0A9D24CABAC200390E81 /* Preview Content */,
			);
			path = Memorize;
			sourceTree = "<group>";
		};
		A8CC0A9D24CABAC200390E81 /* Preview Content */ = {
			isa = PBXGroup;
			children = (
				A8CC0A9E24CABAC200390E81 /* Preview Assets.xcassets */,
			);
			path = "Preview Content";
			sourceTree = "<group>";
		};
/* End PBXGroup section */

/* Begin PBXNativeTarget section */
		A8CC0A9124CABABF00390E81 /* Memorize */ = {
			isa = PBXNativeTarget;
			buildConfigurationList = A8CC0AA624CABAC200390E81 /* Build configuration list for PBXNativeTarget "Memorize" */;
			buildPhases = (
				A8CC0A8E24CABABF00390E81 /* Sources */,
				A8CC0A8F24CABABF00390E81 /* Frameworks */,
				A8CC0A9024CABABF00390E81 /* Resources */,
			);
			buildRules = (
			);
			dependencies = (
			);
			name = Memorize;
			productName = Memorize;
			productReference = A8CC0A9224CABABF00390E81 /* Memorize.app */;
			productType = "com.apple.product-type.application";
		};
/* End PBXNativeTarget section */

/* Begin PBXProject section */
		A8CC0A8A24CABABF00390E81 /* Project object */ = {
			isa = PBXProject;
			attributes = {
				LastSwiftUpdateCheck = 1140;
				LastUpgradeCheck = 1140;
				ORGANIZATIONNAME = john;
				TargetAttributes = {
					A8CC0A9124CABABF00390E81 = {
						CreatedOnToolsVersion = 11.4.1;
					};
				};
			};
			buildConfigurationList = A8CC0A8D24CABABF00390E81 /* Build configuration list for PBXProject "Memorize" */;
			compatibilityVersion = "Xcode 9.3";
			developmentRegion = en;
			hasScannedForEncodings = 0;
			knownRegions = (
				en,
				Base,
			);
			mainGroup = A8CC0A8924CABABF00390E81;
			productRefGroup = A8CC0A9324CABABF00390E81 /* Products */;
			projectDirPath = "";
			projectRoot = "";
			targets = (
				A8CC0A9124CABABF00390E81 /* Memorize */,
			);
		};
/* End PBXProject section */

/* Begin PBXResourcesBuildPhase section */
		A8CC0A9024CABABF00390E81 /* Resources */ = {
			isa = PBXResourcesBuildPhase;
			buildActionMask = 2147483647;
			files = (
				A8CC0AA224CABAC200390E81 /* LaunchScreen.storyboard in Resources */,
				A8CC0A9F24CABAC200390E81 /* Preview Assets.xcassets in Resources */,
				A8CC0A9C24CABAC200390E81 /* Assets.xcassets in Resources */,
			);
			runOnlyForDeploymentPostprocessing = 0;
		};
/* End PBXResourcesBuildPhase section */

/* Begin PBXSourcesBuildPhase section */
		A8CC0A8E24CABABF00390E81 /* Sources */ = {
			isa = PBXSourcesBuildPhase;
			buildActionMask = 2147483647;
			files = (
				A8CC0A9624CABABF00390E81 /* AppDelegate.swift in Sources */,
				A8CC0A9824CABABF00390E81 /* SceneDelegate.swift in Sources */,
				A8CC0AAA24CD1BE200390E81 /* MemoryGame.swift in Sources */,
				A8CC0A9A24CABABF00390E81 /* MemoryGameView.swift in Sources */,
				A8CC0AAC24CD1DD900390E81 /* EmojiMemoryGame.swift in Sources */,
				A8D2152724CFF5E60020D7E4 /* Array+Identifiable.swift in Sources */,
				A801535624CF04780072DFDA /* GridLayout.swift in Sources */,
				A801534A24CED5B40072DFDA /* Grid.swift in Sources */,
			);
			runOnlyForDeploymentPostprocessing = 0;
		};
/* End PBXSourcesBuildPhase section */

/* Begin PBXVariantGroup section */
		A8CC0AA024CABAC200390E81 /* LaunchScreen.storyboard */ = {
			isa = PBXVariantGroup;
			children = (
				A8CC0AA124CABAC200390E81 /* Base */,
			);
			name = LaunchScreen.storyboard;
			sourceTree = "<group>";
		};
/* End PBXVariantGroup section */

/* Begin XCBuildConfiguration section */
		A8CC0AA424CABAC200390E81 /* Debug */ = {
			isa = XCBuildConfiguration;
			buildSettings = {
				ALWAYS_SEARCH_USER_PATHS = NO;
				CLANG_ANALYZER_NONNULL = YES;
				CLANG_ANALYZER_NUMBER_OBJECT_CONVERSION = YES_AGGRESSIVE;
				CLANG_CXX_LANGUAGE_STANDARD = "gnu++14";
				CLANG_CXX_LIBRARY = "libc++";
				CLANG_ENABLE_MODULES = YES;
				CLANG_ENABLE_OBJC_ARC = YES;
				CLANG_ENABLE_OBJC_WEAK = YES;
				CLANG_WARN_BLOCK_CAPTURE_AUTORELEASING = YES;
				CLANG_WARN_BOOL_CONVERSION = YES;
				CLANG_WARN_COMMA = YES;
				CLANG_WARN_CONSTANT_CONVERSION = YES;
				CLANG_WARN_DEPRECATED_OBJC_IMPLEMENTATIONS = YES;
				CLANG_WARN_DIRECT_OBJC_ISA_USAGE = YES_ERROR;
				CLANG_WARN_DOCUMENTATION_COMMENTS = YES;
				CLANG_WARN_EMPTY_BODY = YES;
				CLANG_WARN_ENUM_CONVERSION = YES;
				CLANG_WARN_INFINITE_RECURSION = YES;
				CLANG_WARN_INT_CONVERSION = YES;
				CLANG_WARN_NON_LITERAL_NULL_CONVERSION = YES;
				CLANG_WARN_OBJC_IMPLICIT_RETAIN_SELF = YES;
				CLANG_WARN_OBJC_LITERAL_CONVERSION = YES;
				CLANG_WARN_OBJC_ROOT_CLASS = YES_ERROR;
				CLANG_WARN_RANGE_LOOP_ANALYSIS = YES;
				CLANG_WARN_STRICT_PROTOTYPES = YES;
				CLANG_WARN_SUSPICIOUS_MOVE = YES;
				CLANG_WARN_UNGUARDED_AVAILABILITY = YES_AGGRESSIVE;
				CLANG_WARN_UNREACHABLE_CODE = YES;
				CLANG_WARN__DUPLICATE_METHOD_MATCH = YES;
				COPY_PHASE_STRIP = NO;
				DEBUG_INFORMATION_FORMAT = dwarf;
				ENABLE_STRICT_OBJC_MSGSEND = YES;
				ENABLE_TESTABILITY = YES;
				GCC_C_LANGUAGE_STANDARD = gnu11;
				GCC_DYNAMIC_NO_PIC = NO;
				GCC_NO_COMMON_BLOCKS = YES;
				GCC_OPTIMIZATION_LEVEL = 0;
				GCC_PREPROCESSOR_DEFINITIONS = (
					"DEBUG=1",
					"$(inherited)",
				);
				GCC_WARN_64_TO_32_BIT_CONVERSION = YES;
				GCC_WARN_ABOUT_RETURN_TYPE = YES_ERROR;
				GCC_WARN_UNDECLARED_SELECTOR = YES;
				GCC_WARN_UNINITIALIZED_AUTOS = YES_AGGRESSIVE;
				GCC_WARN_UNUSED_FUNCTION = YES;
				GCC_WARN_UNUSED_VARIABLE = YES;
				IPHONEOS_DEPLOYMENT_TARGET = 13.4;
				MTL_ENABLE_DEBUG_INFO = INCLUDE_SOURCE;
				MTL_FAST_MATH = YES;
				ONLY_ACTIVE_ARCH = YES;
				SDKROOT = iphoneos;
				SWIFT_ACTIVE_COMPILATION_CONDITIONS = DEBUG;
				SWIFT_OPTIMIZATION_LEVEL = "-Onone";
			};
			name = Debug;
		};
		A8CC0AA524CABAC200390E81 /* Release */ = {
			isa = XCBuildConfiguration;
			buildSettings = {
				ALWAYS_SEARCH_USER_PATHS = NO;
				CLANG_ANALYZER_NONNULL = YES;
				CLANG_ANALYZER_NUMBER_OBJECT_CONVERSION = YES_AGGRESSIVE;
				CLANG_CXX_LANGUAGE_STANDARD = "gnu++14";
				CLANG_CXX_LIBRARY = "libc++";
				CLANG_ENABLE_MODULES = YES;
				CLANG_ENABLE_OBJC_ARC = YES;
				CLANG_ENABLE_OBJC_WEAK = YES;
				CLANG_WARN_BLOCK_CAPTURE_AUTORELEASING = YES;
				CLANG_WARN_BOOL_CONVERSION = YES;
				CLANG_WARN_COMMA = YES;
				CLANG_WARN_CONSTANT_CONVERSION = YES;
				CLANG_WARN_DEPRECATED_OBJC_IMPLEMENTATIONS = YES;
				CLANG_WARN_DIRECT_OBJC_ISA_USAGE = YES_ERROR;
				CLANG_WARN_DOCUMENTATION_COMMENTS = YES;
				CLANG_WARN_EMPTY_BODY = YES;
				CLANG_WARN_ENUM_CONVERSION = YES;
				CLANG_WARN_INFINITE_RECURSION = YES;
				CLANG_WARN_INT_CONVERSION = YES;
				CLANG_WARN_NON_LITERAL_NULL_CONVERSION = YES;
				CLANG_WARN_OBJC_IMPLICIT_RETAIN_SELF = YES;
				CLANG_WARN_OBJC_LITERAL_CONVERSION = YES;
				CLANG_WARN_OBJC_ROOT_CLASS = YES_ERROR;
				CLANG_WARN_RANGE_LOOP_ANALYSIS = YES;
				CLANG_WARN_STRICT_PROTOTYPES = YES;
				CLANG_WARN_SUSPICIOUS_MOVE = YES;
				CLANG_WARN_UNGUARDED_AVAILABILITY = YES_AGGRESSIVE;
				CLANG_WARN_UNREACHABLE_CODE = YES;
				CLANG_WARN__DUPLICATE_METHOD_MATCH = YES;
				COPY_PHASE_STRIP = NO;
				DEBUG_INFORMATION_FORMAT = "dwarf-with-dsym";
				ENABLE_NS_ASSERTIONS = NO;
				ENABLE_STRICT_OBJC_MSGSEND = YES;
				GCC_C_LANGUAGE_STANDARD = gnu11;
				GCC_NO_COMMON_BLOCKS = YES;
				GCC_WARN_64_TO_32_BIT_CONVERSION = YES;
				GCC_WARN_ABOUT_RETURN_TYPE = YES_ERROR;
				GCC_WARN_UNDECLARED_SELECTOR = YES;
				GCC_WARN_UNINITIALIZED_AUTOS = YES_AGGRESSIVE;
				GCC_WARN_UNUSED_FUNCTION = YES;
				GCC_WARN_UNUSED_VARIABLE = YES;
				IPHONEOS_DEPLOYMENT_TARGET = 13.4;
				MTL_ENABLE_DEBUG_INFO = NO;
				MTL_FAST_MATH = YES;
				SDKROOT = iphoneos;
				SWIFT_COMPILATION_MODE = wholemodule;
				SWIFT_OPTIMIZATION_LEVEL = "-O";
				VALIDATE_PRODUCT = YES;
			};
			name = Release;
		};
		A8CC0AA724CABAC200390E81 /* Debug */ = {
			isa = XCBuildConfiguration;
			buildSettings = {
				ASSETCATALOG_COMPILER_APPICON_NAME = AppIcon;
				CODE_SIGN_STYLE = Automatic;
				DEVELOPMENT_ASSET_PATHS = "\"Memorize/Preview Content\"";
				DEVELOPMENT_TEAM = X47HRW23GD;
				ENABLE_PREVIEWS = YES;
				INFOPLIST_FILE = Memorize/Info.plist;
				LD_RUNPATH_SEARCH_PATHS = (
					"$(inherited)",
					"@executable_path/Frameworks",
				);
				PRODUCT_BUNDLE_IDENTIFIER = com.john.Memorize;
				PRODUCT_NAME = "$(TARGET_NAME)";
				SWIFT_VERSION = 5.0;
				TARGETED_DEVICE_FAMILY = "1,2";
			};
			name = Debug;
		};
		A8CC0AA824CABAC200390E81 /* Release */ = {
			isa = XCBuildConfiguration;
			buildSettings = {
				ASSETCATALOG_COMPILER_APPICON_NAME = AppIcon;
				CODE_SIGN_STYLE = Automatic;
				DEVELOPMENT_ASSET_PATHS = "\"Memorize/Preview Content\"";
				DEVELOPMENT_TEAM = X47HRW23GD;
				ENABLE_PREVIEWS = YES;
				INFOPLIST_FILE = Memorize/Info.plist;
				LD_RUNPATH_SEARCH_PATHS = (
					"$(inherited)",
					"@executable_path/Frameworks",
				);
				PRODUCT_BUNDLE_IDENTIFIER = com.john.Memorize;
				PRODUCT_NAME = "$(TARGET_NAME)";
				SWIFT_VERSION = 5.0;
				TARGETED_DEVICE_FAMILY = "1,2";
			};
			name = Release;
		};
/* End XCBuildConfiguration section */

/* Begin XCConfigurationList section */
		A8CC0A8D24CABABF00390E81 /* Build configuration list for PBXProject "Memorize" */ = {
			isa = XCConfigurationList;
			buildConfigurations = (
				A8CC0AA424CABAC200390E81 /* Debug */,
				A8CC0AA524CABAC200390E81 /* Release */,
			);
			defaultConfigurationIsVisible = 0;
			defaultConfigurationName = Release;
		};
		A8CC0AA624CABAC200390E81 /* Build configuration list for PBXNativeTarget "Memorize" */ = {
			isa = XCConfigurationList;
			buildConfigurations = (
				A8CC0AA724CABAC200390E81 /* Debug */,
				A8CC0AA824CABAC200390E81 /* Release */,
			);
			defaultConfigurationIsVisible = 0;
			defaultConfigurationName = Release;
		};
/* End XCConfigurationList section */
	};
	rootObject = A8CC0A8A24CABABF00390E81 /* Project object */;
}
